
Microsoft Visual Studio Solution File, Format Version 12.00
# Visual Studio Version 17
VisualStudioVersion = 17.1.31911.260
MinimumVisualStudioVersion = 10.0.40219.1
Project("{9A19103F-16F7-4668-BE54-9A1E7A4F7556}") = "TSManager.Web", "TSManager.Web\TSManager.Web.csproj", "{705FE1BC-5DC0-4757-A203-AE524CD92B8F}"
EndProject
Project("{9A19103F-16F7-4668-BE54-9A1E7A4F7556}") = "TSManager.Core", "TSManager.Core\TSManager.Core.csproj", "{15366916-61A3-4D8A-B49E-E80CDD177E77}"
EndProject
Project("{9A19103F-16F7-4668-BE54-9A1E7A4F7556}") = "TSManager.GUI", "TSManager.GUI\TSManager.GUI.csproj", "{4A62AEC6-0976-4E5E-B408-6A2A172D9D4D}"
EndProject
Global
	GlobalSection(SolutionConfigurationPlatforms) = preSolution
		Debug|Any CPU = Debug|Any CPU
		Release|Any CPU = Release|Any CPU
	EndGlobalSection
	GlobalSection(ProjectConfigurationPlatforms) = postSolution
		{705FE1BC-5DC0-4757-A203-AE524CD92B8F}.Debug|Any CPU.ActiveCfg = Debug|Any CPU
		{705FE1BC-5DC0-4757-A203-AE524CD92B8F}.Debug|Any CPU.Build.0 = Debug|Any CPU
		{705FE1BC-5DC0-4757-A203-AE524CD92B8F}.Release|Any CPU.ActiveCfg = Release|Any CPU
		{705FE1BC-5DC0-4757-A203-AE524CD92B8F}.Release|Any CPU.Build.0 = Release|Any CPU
		{15366916-61A3-4D8A-B49E-E80CDD177E77}.Debug|Any CPU.ActiveCfg = Debug|Any CPU
		{15366916-61A3-4D8A-B49E-E80CDD177E77}.Debug|Any CPU.Build.0 = Debug|Any CPU
		{15366916-61A3-4D8A-B49E-E80CDD177E77}.Release|Any CPU.ActiveCfg = Release|Any CPU
		{15366916-61A3-4D8A-B49E-E80CDD177E77}.Release|Any CPU.Build.0 = Release|Any CPU
		{4A62AEC6-0976-4E5E-B408-6A2A172D9D4D}.Debug|Any CPU.ActiveCfg = Debug|Any CPU
		{4A62AEC6-0976-4E5E-B408-6A2A172D9D4D}.Debug|Any CPU.Build.0 = Debug|Any CPU
		{4A62AEC6-0976-4E5E-B408-6A2A172D9D4D}.Release|Any CPU.ActiveCfg = Release|Any CPU
		{4A62AEC6-0976-4E5E-B408-6A2A172D9D4D}.Release|Any CPU.Build.0 = Release|Any CPU
	EndGlobalSection
	GlobalSection(SolutionProperties) = preSolution
		HideSolutionNode = FALSE
	EndGlobalSection
	GlobalSection(ExtensibilityGlobals) = postSolution
		SolutionGuid = {400CC2A9-B4E7-4689-BDC2-348A308CBA41}
		RESX_NeutralResourcesLanguage = zh-CN
		RESX_SortFileContentOnSave = True
		RESX_AutoCreateNewLanguageFiles = True
	EndGlobalSection
EndGlobal
