
Microsoft Visual Studio Solution File, Format Version 12.00
# Visual Studio Version 17
VisualStudioVersion = 17.1.31911.260
MinimumVisualStudioVersion = 10.0.40219.1
Project("{9A19103F-16F7-4668-BE54-9A1E7A4F7556}") = "TSManager", "TSManager\TSManager.csproj", "{228D0E37-A948-4E4A-9908-6975B337BDB7}"
EndProject
Global
	GlobalSection(SolutionConfigurationPlatforms) = preSolution
		Debug|Any CPU = Debug|Any CPU
		Release|Any CPU = Release|Any CPU
	EndGlobalSection
	GlobalSection(ProjectConfigurationPlatforms) = postSolution
		{228D0E37-A948-4E4A-9908-6975B337BDB7}.Debug|Any CPU.ActiveCfg = Debug|Any CPU
		{228D0E37-A948-4E4A-9908-6975B337BDB7}.Debug|Any CPU.Build.0 = Debug|Any CPU
		{228D0E37-A948-4E4A-9908-6975B337BDB7}.Release|Any CPU.ActiveCfg = Release|Any CPU
		{228D0E37-A948-4E4A-9908-6975B337BDB7}.Release|Any CPU.Build.0 = Release|Any CPU
	EndGlobalSection
	GlobalSection(SolutionProperties) = preSolution
		HideSolutionNode = FALSE
	EndGlobalSection
	GlobalSection(ExtensibilityGlobals) = postSolution
		SolutionGuid = {400CC2A9-B4E7-4689-BDC2-348A308CBA41}
	EndGlobalSection
EndGlobal
